
Microsoft Visual Studio Solution File, Format Version 12.00
# Visual Studio Version 17
VisualStudioVersion = 17.11.35303.130
MinimumVisualStudioVersion = 10.0.40219.1
Project("{FAE04EC0-301F-11D3-BF4B-00C04F79EFBC}") = "stust", "stust\stust.csproj", "{98874411-6844-496C-8554-DD69E2DF166A}"
EndProject
Global
	GlobalSection(SolutionConfigurationPlatforms) = preSolution
		Debug|Any CPU = Debug|Any CPU
		Release|Any CPU = Release|Any CPU
	EndGlobalSection
	GlobalSection(ProjectConfigurationPlatforms) = postSolution
		{98874411-6844-496C-8554-DD69E2DF166A}.Debug|Any CPU.ActiveCfg = Debug|Any CPU
		{98874411-6844-496C-8554-DD69E2DF166A}.Debug|Any CPU.Build.0 = Debug|Any CPU
		{98874411-6844-496C-8554-DD69E2DF166A}.Release|Any CPU.ActiveCfg = Release|Any CPU
		{98874411-6844-496C-8554-DD69E2DF166A}.Release|Any CPU.Build.0 = Release|Any CPU
	EndGlobalSection
	GlobalSection(SolutionProperties) = preSolution
		HideSolutionNode = FALSE
	EndGlobalSection
	GlobalSection(ExtensibilityGlobals) = postSolution
		SolutionGuid = {4750663D-953F-4D5F-BA86-CC6B02A0BF5D}
	EndGlobalSection
EndGlobal
